Microsoft Visual Studio Solution File, Format Version 12.00
# Visual Studio Version 17
VisualStudioVersion = 17.5.2.0
MinimumVisualStudioVersion = 10.0.40219.1
Project("{FAE04EC0-301F-11D3-BF4B-00C04F79EFBC}") = "Homassy.API", "Homassy.API.csproj", "{354ABDF0-4F3C-08F3-A9DA-954F20EBE862}"
EndProject
Global
	GlobalSection(SolutionConfigurationPlatforms) = preSolution
		Debug|Any CPU = Debug|Any CPU
		Release|Any CPU = Release|Any CPU
	EndGlobalSection
	GlobalSection(ProjectConfigurationPlatforms) = postSolution
		{354ABDF0-4F3C-08F3-A9DA-954F20EBE862}.Debug|Any CPU.ActiveCfg = Debug|Any CPU
		{354ABDF0-4F3C-08F3-A9DA-954F20EBE862}.Debug|Any CPU.Build.0 = Debug|Any CPU
		{354ABDF0-4F3C-08F3-A9DA-954F20EBE862}.Release|Any CPU.ActiveCfg = Release|Any CPU
		{354ABDF0-4F3C-08F3-A9DA-954F20EBE862}.Release|Any CPU.Build.0 = Release|Any CPU
	EndGlobalSection
	GlobalSection(SolutionProperties) = preSolution
		HideSolutionNode = FALSE
	EndGlobalSection
	GlobalSection(ExtensibilityGlobals) = postSolution
		SolutionGuid = {49FB1A5E-BD91-40E4-9888-15535346D9B8}
	EndGlobalSection
EndGlobal
